
Microsoft Visual Studio Solution File, Format Version 12.00
# Visual Studio 15
VisualStudioVersion = 15.0.27428.2002
MinimumVisualStudioVersion = 10.0.40219.1
Project("{FAE04EC0-301F-11D3-BF4B-00C04F79EFBC}") = "SC2_UnicodeConverter", "SC2_UnicodeConverter\SC2_UnicodeConverter.csproj", "{70B64A9F-245D-4869-A0FB-976A7E2FFA8D}"
	ProjectSection(ProjectDependencies) = postProject
		{6C55B776-26D4-4DB3-A6AB-87E783B2F3D1} = {6C55B776-26D4-4DB3-A6AB-87E783B2F3D1}
	EndProjectSection
EndProject
Project("{FAE04EC0-301F-11D3-BF4B-00C04F79EFBC}") = "WH_CommonControlLibrary", "WH_CommonControlLibrary\WH_CommonControlLibrary.csproj", "{2782F9AD-9163-4556-B682-4B10E0569C72}"
EndProject
Project("{FAE04EC0-301F-11D3-BF4B-00C04F79EFBC}") = "ICSharpCode.AvalonEdit", "AvalonEdit\ICSharpCode.AvalonEdit\ICSharpCode.AvalonEdit.csproj", "{6C55B776-26D4-4DB3-A6AB-87E783B2F3D1}"
EndProject
Global
	GlobalSection(SolutionConfigurationPlatforms) = preSolution
		Debug|Any CPU = Debug|Any CPU
		Debug|Net35 = Debug|Net35
		Debug|Net40 = Debug|Net40
		Debug|WithNRefactory = Debug|WithNRefactory
		Debug|x86 = Debug|x86
		Release|Any CPU = Release|Any CPU
		Release|Net35 = Release|Net35
		Release|Net40 = Release|Net40
		Release|WithNRefactory = Release|WithNRefactory
		Release|x86 = Release|x86
	EndGlobalSection
	GlobalSection(ProjectConfigurationPlatforms) = postSolution
		{70B64A9F-245D-4869-A0FB-976A7E2FFA8D}.Debug|Any CPU.ActiveCfg = Debug|Any CPU
		{70B64A9F-245D-4869-A0FB-976A7E2FFA8D}.Debug|Any CPU.Build.0 = Debug|Any CPU
		{70B64A9F-245D-4869-A0FB-976A7E2FFA8D}.Debug|Net35.ActiveCfg = Debug|Any CPU
		{70B64A9F-245D-4869-A0FB-976A7E2FFA8D}.Debug|Net35.Build.0 = Debug|Any CPU
		{70B64A9F-245D-4869-A0FB-976A7E2FFA8D}.Debug|Net40.ActiveCfg = Debug|Any CPU
		{70B64A9F-245D-4869-A0FB-976A7E2FFA8D}.Debug|Net40.Build.0 = Debug|Any CPU
		{70B64A9F-245D-4869-A0FB-976A7E2FFA8D}.Debug|WithNRefactory.ActiveCfg = Debug|Any CPU
		{70B64A9F-245D-4869-A0FB-976A7E2FFA8D}.Debug|WithNRefactory.Build.0 = Debug|Any CPU
		{70B64A9F-245D-4869-A0FB-976A7E2FFA8D}.Debug|x86.ActiveCfg = Debug|Any CPU
		{70B64A9F-245D-4869-A0FB-976A7E2FFA8D}.Debug|x86.Build.0 = Debug|Any CPU
		{70B64A9F-245D-4869-A0FB-976A7E2FFA8D}.Release|Any CPU.ActiveCfg = Release|Any CPU
		{70B64A9F-245D-4869-A0FB-976A7E2FFA8D}.Release|Any CPU.Build.0 = Release|Any CPU
		{70B64A9F-245D-4869-A0FB-976A7E2FFA8D}.Release|Net35.ActiveCfg = Release|Any CPU
		{70B64A9F-245D-4869-A0FB-976A7E2FFA8D}.Release|Net35.Build.0 = Release|Any CPU
		{70B64A9F-245D-4869-A0FB-976A7E2FFA8D}.Release|Net40.ActiveCfg = Release|Any CPU
		{70B64A9F-245D-4869-A0FB-976A7E2FFA8D}.Release|Net40.Build.0 = Release|Any CPU
		{70B64A9F-245D-4869-A0FB-976A7E2FFA8D}.Release|WithNRefactory.ActiveCfg = Release|Any CPU
		{70B64A9F-245D-4869-A0FB-976A7E2FFA8D}.Release|WithNRefactory.Build.0 = Release|Any CPU
		{70B64A9F-245D-4869-A0FB-976A7E2FFA8D}.Release|x86.ActiveCfg = Release|Any CPU
		{70B64A9F-245D-4869-A0FB-976A7E2FFA8D}.Release|x86.Build.0 = Release|Any CPU
		{2782F9AD-9163-4556-B682-4B10E0569C72}.Debug|Any CPU.ActiveCfg = Debug|Any CPU
		{2782F9AD-9163-4556-B682-4B10E0569C72}.Debug|Any CPU.Build.0 = Debug|Any CPU
		{2782F9AD-9163-4556-B682-4B10E0569C72}.Debug|Net35.ActiveCfg = Debug|Any CPU
		{2782F9AD-9163-4556-B682-4B10E0569C72}.Debug|Net35.Build.0 = Debug|Any CPU
		{2782F9AD-9163-4556-B682-4B10E0569C72}.Debug|Net40.ActiveCfg = Debug|Any CPU
		{2782F9AD-9163-4556-B682-4B10E0569C72}.Debug|Net40.Build.0 = Debug|Any CPU
		{2782F9AD-9163-4556-B682-4B10E0569C72}.Debug|WithNRefactory.ActiveCfg = Debug|Any CPU
		{2782F9AD-9163-4556-B682-4B10E0569C72}.Debug|WithNRefactory.Build.0 = Debug|Any CPU
		{2782F9AD-9163-4556-B682-4B10E0569C72}.Debug|x86.ActiveCfg = Debug|x86
		{2782F9AD-9163-4556-B682-4B10E0569C72}.Debug|x86.Build.0 = Debug|x86
		{2782F9AD-9163-4556-B682-4B10E0569C72}.Release|Any CPU.ActiveCfg = Release|Any CPU
		{2782F9AD-9163-4556-B682-4B10E0569C72}.Release|Any CPU.Build.0 = Release|Any CPU
		{2782F9AD-9163-4556-B682-4B10E0569C72}.Release|Net35.ActiveCfg = Release|Any CPU
		{2782F9AD-9163-4556-B682-4B10E0569C72}.Release|Net35.Build.0 = Release|Any CPU
		{2782F9AD-9163-4556-B682-4B10E0569C72}.Release|Net40.ActiveCfg = Release|Any CPU
		{2782F9AD-9163-4556-B682-4B10E0569C72}.Release|Net40.Build.0 = Release|Any CPU
		{2782F9AD-9163-4556-B682-4B10E0569C72}.Release|WithNRefactory.ActiveCfg = Release|Any CPU
		{2782F9AD-9163-4556-B682-4B10E0569C72}.Release|WithNRefactory.Build.0 = Release|Any CPU
		{2782F9AD-9163-4556-B682-4B10E0569C72}.Release|x86.ActiveCfg = Release|x86
		{2782F9AD-9163-4556-B682-4B10E0569C72}.Release|x86.Build.0 = Release|x86
		{6C55B776-26D4-4DB3-A6AB-87E783B2F3D1}.Debug|Any CPU.ActiveCfg = Debug|Net40
		{6C55B776-26D4-4DB3-A6AB-87E783B2F3D1}.Debug|Any CPU.Build.0 = Debug|Net40
		{6C55B776-26D4-4DB3-A6AB-87E783B2F3D1}.Debug|Net35.ActiveCfg = Debug|Net35
		{6C55B776-26D4-4DB3-A6AB-87E783B2F3D1}.Debug|Net35.Build.0 = Debug|Net35
		{6C55B776-26D4-4DB3-A6AB-87E783B2F3D1}.Debug|Net40.ActiveCfg = Debug|Net40
		{6C55B776-26D4-4DB3-A6AB-87E783B2F3D1}.Debug|Net40.Build.0 = Debug|Net40
		{6C55B776-26D4-4DB3-A6AB-87E783B2F3D1}.Debug|WithNRefactory.ActiveCfg = Debug|WithNRefactory
		{6C55B776-26D4-4DB3-A6AB-87E783B2F3D1}.Debug|WithNRefactory.Build.0 = Debug|WithNRefactory
		{6C55B776-26D4-4DB3-A6AB-87E783B2F3D1}.Debug|x86.ActiveCfg = Debug|WithNRefactory
		{6C55B776-26D4-4DB3-A6AB-87E783B2F3D1}.Release|Any CPU.ActiveCfg = Release|Net40
		{6C55B776-26D4-4DB3-A6AB-87E783B2F3D1}.Release|Any CPU.Build.0 = Release|Net40
		{6C55B776-26D4-4DB3-A6AB-87E783B2F3D1}.Release|Net35.ActiveCfg = Release|Net35
		{6C55B776-26D4-4DB3-A6AB-87E783B2F3D1}.Release|Net35.Build.0 = Release|Net35
		{6C55B776-26D4-4DB3-A6AB-87E783B2F3D1}.Release|Net40.ActiveCfg = Release|Net40
		{6C55B776-26D4-4DB3-A6AB-87E783B2F3D1}.Release|Net40.Build.0 = Release|Net40
		{6C55B776-26D4-4DB3-A6AB-87E783B2F3D1}.Release|WithNRefactory.ActiveCfg = Release|WithNRefactory
		{6C55B776-26D4-4DB3-A6AB-87E783B2F3D1}.Release|WithNRefactory.Build.0 = Release|WithNRefactory
		{6C55B776-26D4-4DB3-A6AB-87E783B2F3D1}.Release|x86.ActiveCfg = Release|WithNRefactory
	EndGlobalSection
	GlobalSection(SolutionProperties) = preSolution
		HideSolutionNode = FALSE
	EndGlobalSection
	GlobalSection(ExtensibilityGlobals) = postSolution
		SolutionGuid = {D97F22A5-093D-4F5B-97FE-7C466CCFCBCE}
	EndGlobalSection
EndGlobal
